
Microsoft Visual Studio Solution File, Format Version 12.00
# Visual Studio Version 17
VisualStudioVersion = 17.13.35825.156 d17.13
MinimumVisualStudioVersion = 10.0.40219.1
Project("{FAE04EC0-301F-11D3-BF4B-00C04F79EFBC}") = "TipsWeb", "TipsWeb\TipsWeb.csproj", "{2D455416-D13E-42B8-A0C9-8B912664670D}"
EndProject
Project("{FAE04EC0-301F-11D3-BF4B-00C04F79EFBC}") = "TipsWebApi", "TipsWebApi\TipsWebApi.csproj", "{CC3E8A33-BA50-4991-9E52-F35D539B64BF}"
EndProject
Global
	GlobalSection(SolutionConfigurationPlatforms) = preSolution
		Debug|Any CPU = Debug|Any CPU
		Release|Any CPU = Release|Any CPU
	EndGlobalSection
	GlobalSection(ProjectConfigurationPlatforms) = postSolution
		{2D455416-D13E-42B8-A0C9-8B912664670D}.Debug|Any CPU.ActiveCfg = Debug|Any CPU
		{2D455416-D13E-42B8-A0C9-8B912664670D}.Debug|Any CPU.Build.0 = Debug|Any CPU
		{2D455416-D13E-42B8-A0C9-8B912664670D}.Release|Any CPU.ActiveCfg = Release|Any CPU
		{2D455416-D13E-42B8-A0C9-8B912664670D}.Release|Any CPU.Build.0 = Release|Any CPU
		{CC3E8A33-BA50-4991-9E52-F35D539B64BF}.Debug|Any CPU.ActiveCfg = Debug|Any CPU
		{CC3E8A33-BA50-4991-9E52-F35D539B64BF}.Debug|Any CPU.Build.0 = Debug|Any CPU
		{CC3E8A33-BA50-4991-9E52-F35D539B64BF}.Release|Any CPU.ActiveCfg = Release|Any CPU
		{CC3E8A33-BA50-4991-9E52-F35D539B64BF}.Release|Any CPU.Build.0 = Release|Any CPU
	EndGlobalSection
	GlobalSection(SolutionProperties) = preSolution
		HideSolutionNode = FALSE
	EndGlobalSection
	GlobalSection(ExtensibilityGlobals) = postSolution
		SolutionGuid = {59B6C8E0-EBBC-4E08-94AB-1D3B9F959749}
	EndGlobalSection
EndGlobal
